// !$*UTF8*$!
{
	archiveVersion = 1;
	classes = {
	};
	objectVersion = 46;
	objects = {

/* Begin PBXBuildFile section */
		92C1BFF91537CDBD00BDA6F1 /* UIKit.framework in Frameworks */ = {isa = PBXBuildFile; fileRef = 92C1BFF81537CDBD00BDA6F1 /* UIKit.framework */; };
		92C1BFFB1537CDBD00BDA6F1 /* Foundation.framework in Frameworks */ = {isa = PBXBuildFile; fileRef = 92C1BFFA1537CDBD00BDA6F1 /* Foundation.framework */; };
		92C1BFFD1537CDBD00BDA6F1 /* CoreGraphics.framework in Frameworks */ = {isa = PBXBuildFile; fileRef = 92C1BFFC1537CDBD00BDA6F1 /* CoreGraphics.framework */; };
		92C1C0031537CDBD00BDA6F1 /* InfoPlist.strings in Resources */ = {isa = PBXBuildFile; fileRef = 92C1C0011537CDBD00BDA6F1 /* InfoPlist.strings */; };
		92C1C0051537CDBD00BDA6F1 /* main.m in Sources */ = {isa = PBXBuildFile; fileRef = 92C1C0041537CDBD00BDA6F1 /* main.m */; };
		92C1C0091537CDBD00BDA6F1 /* GeoMapsAppDelegate.m in Sources */ = {isa = PBXBuildFile; fileRef = 92C1C0081537CDBD00BDA6F1 /* GeoMapsAppDelegate.m */; };
		92C1C00C1537CDBD00BDA6F1 /* MainStoryboard.storyboard in Resources */ = {isa = PBXBuildFile; fileRef = 92C1C00A1537CDBD00BDA6F1 /* MainStoryboard.storyboard */; };
		92C1C00F1537CDBD00BDA6F1 /* GeoMapsViewController.m in Sources */ = {isa = PBXBuildFile; fileRef = 92C1C00E1537CDBD00BDA6F1 /* GeoMapsViewController.m */; };
		92C1C0161537CE2B00BDA6F1 /* MapKit.framework in Frameworks */ = {isa = PBXBuildFile; fileRef = 92C1C0151537CE2B00BDA6F1 /* MapKit.framework */; };
		92C1C0181537CF3D00BDA6F1 /* CoreLocation.framework in Frameworks */ = {isa = PBXBuildFile; fileRef = 92C1C0171537CF3D00BDA6F1 /* CoreLocation.framework */; };
/* End PBXBuildFile section */

/* Begin PBXFileReference section */
		92C1BFF41537CDBD00BDA6F1 /* GeoMaps.app */ = {isa = PBXFileReference; explicitFileType = wrapper.application; includeInIndex = 0; path = GeoMaps.app; sourceTree = BUILT_PRODUCTS_DIR; };
		92C1BFF81537CDBD00BDA6F1 /* UIKit.framework */ = {isa = PBXFileReference; lastKnownFileType = wrapper.framework; name = UIKit.framework; path = System/Library/Frameworks/UIKit.framework; sourceTree = SDKROOT; };
		92C1BFFA1537CDBD00BDA6F1 /* Foundation.framework */ = {isa = PBXFileReference; lastKnownFileType = wrapper.framework; name = Foundation.framework; path = System/Library/Frameworks/Foundation.framework; sourceTree = SDKROOT; };
		92C1BFFC1537CDBD00BDA6F1 /* CoreGraphics.framework */ = {isa = PBXFileReference; lastKnownFileType = wrapper.framework; name = CoreGraphics.framework; path = System/Library/Frameworks/CoreGraphics.framework; sourceTree = SDKROOT; };
		92C1C0001537CDBD00BDA6F1 /* GeoMaps-Info.plist */ = {isa = PBXFileReference; lastKnownFileType = text.plist.xml; path = "GeoMaps-Info.plist"; sourceTree = "<group>"; };
		92C1C0021537CDBD00BDA6F1 /* en */ = {isa = PBXFileReference; lastKnownFileType = text.plist.strings; name = en; path = en.lproj/InfoPlist.strings; sourceTree = "<group>"; };
		92C1C0041537CDBD00BDA6F1 /* main.m */ = {isa = PBXFileReference; lastKnownFileType = sourcecode.c.objc; path = main.m; sourceTree = "<group>"; };
		92C1C0061537CDBD00BDA6F1 /* GeoMaps-Prefix.pch */ = {isa = PBXFileReference; lastKnownFileType = sourcecode.c.h; path = "GeoMaps-Prefix.pch"; sourceTree = "<group>"; };
		92C1C0071537CDBD00BDA6F1 /* GeoMapsAppDelegate.h */ = {isa = PBXFileReference; lastKnownFileType = sourcecode.c.h; path = GeoMapsAppDelegate.h; sourceTree = "<group>"; };
		92C1C0081537CDBD00BDA6F1 /* GeoMapsAppDelegate.m */ = {isa = PBXFileReference; lastKnownFileType = sourcecode.c.objc; path = GeoMapsAppDelegate.m; sourceTree = "<group>"; };
		92C1C00B1537CDBD00BDA6F1 /* en */ = {isa = PBXFileReference; lastKnownFileType = file.storyboard; name = en; path = en.lproj/MainStoryboard.storyboard; sourceTree = "<group>"; };
		92C1C00D1537CDBD00BDA6F1 /* GeoMapsViewController.h */ = {isa = PBXFileReference; lastKnownFileType = sourcecode.c.h; path = GeoMapsViewController.h; sourceTree = "<group>"; };
		92C1C00E1537CDBD00BDA6F1 /* GeoMapsViewController.m */ = {isa = PBXFileReference; lastKnownFileType = sourcecode.c.objc; path = GeoMapsViewController.m; sourceTree = "<group>"; };
		92C1C0151537CE2B00BDA6F1 /* MapKit.framework */ = {isa = PBXFileReference; lastKnownFileType = wrapper.framework; name = MapKit.framework; path = System/Library/Frameworks/MapKit.framework; sourceTree = SDKROOT; };
		92C1C0171537CF3D00BDA6F1 /* CoreLocation.framework */ = {isa = PBXFileReference; lastKnownFileType = wrapper.framework; name = CoreLocation.framework; path = System/Library/Frameworks/CoreLocation.framework; sourceTree = SDKROOT; };
/* End PBXFileReference section */

/* Begin PBXFrameworksBuildPhase section */
		92C1BFF11537CDBD00BDA6F1 /* Frameworks */ = {
			isa = PBXFrameworksBuildPhase;
			buildActionMask = 2147483647;
			files = (
				92C1C0181537CF3D00BDA6F1 /* CoreLocation.framework in Frameworks */,
				92C1C0161537CE2B00BDA6F1 /* MapKit.framework in Frameworks */,
				92C1BFF91537CDBD00BDA6F1 /* UIKit.framework in Frameworks */,
				92C1BFFB1537CDBD00BDA6F1 /* Foundation.framework in Frameworks */,
				92C1BFFD1537CDBD00BDA6F1 /* CoreGraphics.framework in Frameworks */,
			);
			runOnlyForDeploymentPostprocessing = 0;
		};
/* End PBXFrameworksBuildPhase section */

/* Begin PBXGroup section */
		92C1BFE91537CDBD00BDA6F1 = {
			isa = PBXGroup;
			children = (
				92C1BFFE1537CDBD00BDA6F1 /* GeoMaps */,
				92C1BFF71537CDBD00BDA6F1 /* Frameworks */,
				92C1BFF51537CDBD00BDA6F1 /* Products */,
			);
			sourceTree = "<group>";
		};
		92C1BFF51537CDBD00BDA6F1 /* Products */ = {
			isa = PBXGroup;
			children = (
				92C1BFF41537CDBD00BDA6F1 /* GeoMaps.app */,
			);
			name = Products;
			sourceTree = "<group>";
		};
		92C1BFF71537CDBD00BDA6F1 /* Frameworks */ = {
			isa = PBXGroup;
			children = (
				92C1C0171537CF3D00BDA6F1 /* CoreLocation.framework */,
				92C1C0151537CE2B00BDA6F1 /* MapKit.framework */,
				92C1BFF81537CDBD00BDA6F1 /* UIKit.framework */,
				92C1BFFA1537CDBD00BDA6F1 /* Foundation.framework */,
				92C1BFFC1537CDBD00BDA6F1 /* CoreGraphics.framework */,
			);
			name = Frameworks;
			sourceTree = "<group>";
		};
		92C1BFFE1537CDBD00BDA6F1 /* GeoMaps */ = {
			isa = PBXGroup;
			children = (
				92C1C0071537CDBD00BDA6F1 /* GeoMapsAppDelegate.h */,
				92C1C0081537CDBD00BDA6F1 /* GeoMapsAppDelegate.m */,
				92C1C00A1537CDBD00BDA6F1 /* MainStoryboard.storyboard */,
				92C1C00D1537CDBD00BDA6F1 /* GeoMapsViewController.h */,
				92C1C00E1537CDBD00BDA6F1 /* GeoMapsViewController.m */,
				92C1BFFF1537CDBD00BDA6F1 /* Supporting Files */,
			);
			path = GeoMaps;
			sourceTree = "<group>";
		};
		92C1BFFF1537CDBD00BDA6F1 /* Supporting Files */ = {
			isa = PBXGroup;
			children = (
				92C1C0001537CDBD00BDA6F1 /* GeoMaps-Info.plist */,
				92C1C0011537CDBD00BDA6F1 /* InfoPlist.strings */,
				92C1C0041537CDBD00BDA6F1 /* main.m */,
				92C1C0061537CDBD00BDA6F1 /* GeoMaps-Prefix.pch */,
			);
			name = "Supporting Files";
			sourceTree = "<group>";
		};
/* End PBXGroup section */

/* Begin PBXNativeTarget section */
		92C1BFF31537CDBD00BDA6F1 /* GeoMaps */ = {
			isa = PBXNativeTarget;
			buildConfigurationList = 92C1C0121537CDBD00BDA6F1 /* Build configuration list for PBXNativeTarget "GeoMaps" */;
			buildPhases = (
				92C1BFF01537CDBD00BDA6F1 /* Sources */,
				92C1BFF11537CDBD00BDA6F1 /* Frameworks */,
				92C1BFF21537CDBD00BDA6F1 /* Resources */,
			);
			buildRules = (
			);
			dependencies = (
			);
			name = GeoMaps;
			productName = GeoMaps;
			productReference = 92C1BFF41537CDBD00BDA6F1 /* GeoMaps.app */;
			productType = "com.apple.product-type.application";
		};
/* End PBXNativeTarget section */

/* Begin PBXProject section */
		92C1BFEB1537CDBD00BDA6F1 /* Project object */ = {
			isa = PBXProject;
			attributes = {
				CLASSPREFIX = GeoMaps;
				LastUpgradeCheck = 0430;
			};
			buildConfigurationList = 92C1BFEE1537CDBD00BDA6F1 /* Build configuration list for PBXProject "GeoMaps" */;
			compatibilityVersion = "Xcode 3.2";
			developmentRegion = English;
			hasScannedForEncodings = 0;
			knownRegions = (
				en,
			);
			mainGroup = 92C1BFE91537CDBD00BDA6F1;
			productRefGroup = 92C1BFF51537CDBD00BDA6F1 /* Products */;
			projectDirPath = "";
			projectRoot = "";
			targets = (
				92C1BFF31537CDBD00BDA6F1 /* GeoMaps */,
			);
		};
/* End PBXProject section */

/* Begin PBXResourcesBuildPhase section */
		92C1BFF21537CDBD00BDA6F1 /* Resources */ = {
			isa = PBXResourcesBuildPhase;
			buildActionMask = 2147483647;
			files = (
				92C1C0031537CDBD00BDA6F1 /* InfoPlist.strings in Resources */,
				92C1C00C1537CDBD00BDA6F1 /* MainStoryboard.storyboard in Resources */,
			);
			runOnlyForDeploymentPostprocessing = 0;
		};
/* End PBXResourcesBuildPhase section */

/* Begin PBXSourcesBuildPhase section */
		92C1BFF01537CDBD00BDA6F1 /* Sources */ = {
			isa = PBXSourcesBuildPhase;
			buildActionMask = 2147483647;
			files = (
				92C1C0051537CDBD00BDA6F1 /* main.m in Sources */,
				92C1C0091537CDBD00BDA6F1 /* GeoMapsAppDelegate.m in Sources */,
				92C1C00F1537CDBD00BDA6F1 /* GeoMapsViewController.m in Sources */,
			);
			runOnlyForDeploymentPostprocessing = 0;
		};
/* End PBXSourcesBuildPhase section */

/* Begin PBXVariantGroup section */
		92C1C0011537CDBD00BDA6F1 /* InfoPlist.strings */ = {
			isa = PBXVariantGroup;
			children = (
				92C1C0021537CDBD00BDA6F1 /* en */,
			);
			name = InfoPlist.strings;
			sourceTree = "<group>";
		};
		92C1C00A1537CDBD00BDA6F1 /* MainStoryboard.storyboard */ = {
			isa = PBXVariantGroup;
			children = (
				92C1C00B1537CDBD00BDA6F1 /* en */,
			);
			name = MainStoryboard.storyboard;
			sourceTree = "<group>";
		};
/* End PBXVariantGroup section */

/* Begin XCBuildConfiguration section */
		92C1C0101537CDBD00BDA6F1 /* Debug */ = {
			isa = XCBuildConfiguration;
			buildSettings = {
				ALWAYS_SEARCH_USER_PATHS = NO;
				ARCHS = "$(ARCHS_STANDARD_32_BIT)";
				CLANG_ENABLE_OBJC_ARC = YES;
				"CODE_SIGN_IDENTITY[sdk=iphoneos*]" = "iPhone Developer";
				COPY_PHASE_STRIP = NO;
				GCC_C_LANGUAGE_STANDARD = gnu99;
				GCC_DYNAMIC_NO_PIC = NO;
				GCC_OPTIMIZATION_LEVEL = 0;
				GCC_PREPROCESSOR_DEFINITIONS = (
					"DEBUG=1",
					"$(inherited)",
				);
				GCC_SYMBOLS_PRIVATE_EXTERN = NO;
				GCC_VERSION = com.apple.compilers.llvm.clang.1_0;
				GCC_WARN_ABOUT_RETURN_TYPE = YES;
				GCC_WARN_UNINITIALIZED_AUTOS = YES;
				GCC_WARN_UNUSED_VARIABLE = YES;
				IPHONEOS_DEPLOYMENT_TARGET = 5.1;
				SDKROOT = iphoneos;
			};
			name = Debug;
		};
		92C1C0111537CDBD00BDA6F1 /* Release */ = {
			isa = XCBuildConfiguration;
			buildSettings = {
				ALWAYS_SEARCH_USER_PATHS = NO;
				ARCHS = "$(ARCHS_STANDARD_32_BIT)";
				CLANG_ENABLE_OBJC_ARC = YES;
				"CODE_SIGN_IDENTITY[sdk=iphoneos*]" = "iPhone Developer";
				COPY_PHASE_STRIP = YES;
				GCC_C_LANGUAGE_STANDARD = gnu99;
				GCC_VERSION = com.apple.compilers.llvm.clang.1_0;
				GCC_WARN_ABOUT_RETURN_TYPE = YES;
				GCC_WARN_UNINITIALIZED_AUTOS = YES;
				GCC_WARN_UNUSED_VARIABLE = YES;
				IPHONEOS_DEPLOYMENT_TARGET = 5.1;
				OTHER_CFLAGS = "-DNS_BLOCK_ASSERTIONS=1";
				SDKROOT = iphoneos;
				VALIDATE_PRODUCT = YES;
			};
			name = Release;
		};
		92C1C0131537CDBD00BDA6F1 /* Debug */ = {
			isa = XCBuildConfiguration;
			buildSettings = {
				GCC_PRECOMPILE_PREFIX_HEADER = YES;
				GCC_PREFIX_HEADER = "GeoMaps/GeoMaps-Prefix.pch";
				INFOPLIST_FILE = "GeoMaps/GeoMaps-Info.plist";
				PRODUCT_NAME = "$(TARGET_NAME)";
				WRAPPER_EXTENSION = app;
			};
			name = Debug;
		};
		92C1C0141537CDBD00BDA6F1 /* Release */ = {
			isa = XCBuildConfiguration;
			buildSettings = {
				GCC_PRECOMPILE_PREFIX_HEADER = YES;
				GCC_PREFIX_HEADER = "GeoMaps/GeoMaps-Prefix.pch";
				INFOPLIST_FILE = "GeoMaps/GeoMaps-Info.plist";
				PRODUCT_NAME = "$(TARGET_NAME)";
				WRAPPER_EXTENSION = app;
			};
			name = Release;
		};
/* End XCBuildConfiguration section */

/* Begin XCConfigurationList section */
		92C1BFEE1537CDBD00BDA6F1 /* Build configuration list for PBXProject "GeoMaps" */ = {
			isa = XCConfigurationList;
			buildConfigurations = (
				92C1C0101537CDBD00BDA6F1 /* Debug */,
				92C1C0111537CDBD00BDA6F1 /* Release */,
			);
			defaultConfigurationIsVisible = 0;
			defaultConfigurationName = Release;
		};
		92C1C0121537CDBD00BDA6F1 /* Build configuration list for PBXNativeTarget "GeoMaps" */ = {
			isa = XCConfigurationList;
			buildConfigurations = (
				92C1C0131537CDBD00BDA6F1 /* Debug */,
				92C1C0141537CDBD00BDA6F1 /* Release */,
			);
			defaultConfigurationIsVisible = 0;
		};
/* End XCConfigurationList section */
	};
	rootObject = 92C1BFEB1537CDBD00BDA6F1 /* Project object */;
}
